
Microsoft Visual Studio Solution File, Format Version 12.00
# Visual Studio Version 17
VisualStudioVersion = 17.9.34723.18
MinimumVisualStudioVersion = 10.0.40219.1
Project("{FAE04EC0-301F-11D3-BF4B-00C04F79EFBC}") = "Ejercicio 6 - Ejercicios Pseudocodigo", "Ejercicio 6 - Ejercicios Pseudocodigo\Ejercicio 6 - Ejercicios Pseudocodigo.csproj", "{BFA6E8E5-0857-4FFF-8ECE-D16F186CE81D}"
EndProject
Global
	GlobalSection(SolutionConfigurationPlatforms) = preSolution
		Debug|Any CPU = Debug|Any CPU
		Release|Any CPU = Release|Any CPU
	EndGlobalSection
	GlobalSection(ProjectConfigurationPlatforms) = postSolution
		{BFA6E8E5-0857-4FFF-8ECE-D16F186CE81D}.Debug|Any CPU.ActiveCfg = Debug|Any CPU
		{BFA6E8E5-0857-4FFF-8ECE-D16F186CE81D}.Debug|Any CPU.Build.0 = Debug|Any CPU
		{BFA6E8E5-0857-4FFF-8ECE-D16F186CE81D}.Release|Any CPU.ActiveCfg = Release|Any CPU
		{BFA6E8E5-0857-4FFF-8ECE-D16F186CE81D}.Release|Any CPU.Build.0 = Release|Any CPU
	EndGlobalSection
	GlobalSection(SolutionProperties) = preSolution
		HideSolutionNode = FALSE
	EndGlobalSection
	GlobalSection(ExtensibilityGlobals) = postSolution
		SolutionGuid = {2FC79ED4-07D2-45B4-BD93-C2549F264836}
	EndGlobalSection
EndGlobal
