
Microsoft Visual Studio Solution File, Format Version 12.00
# Visual Studio Version 17
VisualStudioVersion = 17.9.34723.18
MinimumVisualStudioVersion = 10.0.40219.1
Project("{FAE04EC0-301F-11D3-BF4B-00C04F79EFBC}") = "Ejercicio 7 - Ejercicios Pseudocodigo", "Ejercicio 7 - Ejercicios Pseudocodigo\Ejercicio 7 - Ejercicios Pseudocodigo.csproj", "{619D1207-F5ED-4467-8C79-274F8A3BC129}"
EndProject
Global
	GlobalSection(SolutionConfigurationPlatforms) = preSolution
		Debug|Any CPU = Debug|Any CPU
		Release|Any CPU = Release|Any CPU
	EndGlobalSection
	GlobalSection(ProjectConfigurationPlatforms) = postSolution
		{619D1207-F5ED-4467-8C79-274F8A3BC129}.Debug|Any CPU.ActiveCfg = Debug|Any CPU
		{619D1207-F5ED-4467-8C79-274F8A3BC129}.Debug|Any CPU.Build.0 = Debug|Any CPU
		{619D1207-F5ED-4467-8C79-274F8A3BC129}.Release|Any CPU.ActiveCfg = Release|Any CPU
		{619D1207-F5ED-4467-8C79-274F8A3BC129}.Release|Any CPU.Build.0 = Release|Any CPU
	EndGlobalSection
	GlobalSection(SolutionProperties) = preSolution
		HideSolutionNode = FALSE
	EndGlobalSection
	GlobalSection(ExtensibilityGlobals) = postSolution
		SolutionGuid = {2B86C8F6-358C-4BF3-B4FD-C525971E4682}
	EndGlobalSection
EndGlobal
